<?xml version="1.0" encoding="utf-8"?>
<Project ToolsVersion="4.0" xmlns="http://schemas.microsoft.com/developer/msbuild/2003">
  <ItemGroup>
    <Filter Include="源文件">
      <UniqueIdentifier>{4FC737F1-C7A5-4376-A066-2A32D752A2FF}</UniqueIdentifier>
      <Extensions>cpp;c;cc;cxx;def;odl;idl;hpj;bat;asm;asmx</Extensions>
    </Filter>
    <Filter Include="头文件">
      <UniqueIdentifier>{93995380-89BD-4b04-88EB-625FBE52EBFB}</UniqueIdentifier>
      <Extensions>h;hh;hpp;hxx;hm;inl;inc;xsd</Extensions>
    </Filter>
    <Filter Include="资源文件">
      <UniqueIdentifier>{67DA6AB6-F800-4c08-8B7A-83BB121AAD01}</UniqueIdentifier>
      <Extensions>rc;ico;cur;bmp;dlg;rc2;rct;bin;rgs;gif;jpg;jpeg;jpe;resx;tiff;tif;png;wav;mfcribbon-ms</Extensions>
    </Filter>
  </ItemGroup>
  <ItemGroup>
    <ClCompile Include="eg3-1(272).cpp">
      <Filter>源文件</Filter>
    </ClCompile>
    <ClCompile Include="eg3-2(10082).cpp">
      <Filter>源文件</Filter>
    </ClCompile>
    <ClCompile Include="eg3-3(401).cpp">
      <Filter>源文件</Filter>
    </ClCompile>
    <ClCompile Include="eg3-4(340).cpp">
      <Filter>源文件</Filter>
    </ClCompile>
    <ClCompile Include="eg3-5(1583).cpp">
      <Filter>源文件</Filter>
    </ClCompile>
    <ClCompile Include="eg3-6(1584).cpp">
      <Filter>源文件</Filter>
    </ClCompile>
    <ClCompile Include="ex3-1(1585).cpp">
      <Filter>源文件</Filter>
    </ClCompile>
    <ClCompile Include="ex3-2(1586).cpp">
      <Filter>源文件</Filter>
    </ClCompile>
    <ClCompile Include="ex3-3(1225).cpp">
      <Filter>源文件</Filter>
    </ClCompile>
    <ClCompile Include="ex3-4(455).cpp">
      <Filter>源文件</Filter>
    </ClCompile>
    <ClCompile Include="ex3-6(232).cpp">
      <Filter>源文件</Filter>
    </ClCompile>
    <ClCompile Include="ex3-5%28227%29%28WA%29.cpp">
      <Filter>源文件</Filter>
    </ClCompile>
    <ClCompile Include="ex3-7(1368).cpp">
      <Filter>源文件</Filter>
    </ClCompile>
    <ClCompile Include="ex3-8%28202%29%28RE%29.cpp">
      <Filter>源文件</Filter>
    </ClCompile>
    <ClCompile Include="ex3-9%2810340%29%28RE%29.cpp">
      <Filter>源文件</Filter>
    </ClCompile>
    <ClCompile Include="ex3-10%281587%29%28UR%29.cpp">
      <Filter>源文件</Filter>
    </ClCompile>
    <ClCompile Include="ex3-11%281588%29%28WA%29.cpp">
      <Filter>源文件</Filter>
    </ClCompile>
    <ClCompile Include="ex3-12%2811809%29%28UR%29.cpp">
      <Filter>源文件</Filter>
    </ClCompile>
    <ClCompile Include="eg4-1(1339).cpp">
      <Filter>源文件</Filter>
    </ClCompile>
    <ClCompile Include="eg4-2(489).cpp">
      <Filter>源文件</Filter>
    </ClCompile>
    <ClCompile Include="eg4-3(133).cpp">
      <Filter>源文件</Filter>
    </ClCompile>
    <ClCompile Include="eg4-5%28512%29%28AG%29.cpp">
      <Filter>源文件</Filter>
    </ClCompile>
    <ClCompile Include="eg4-4%28213%29%28AG%29.cpp">
      <Filter>源文件</Filter>
    </ClCompile>
    <ClCompile Include="eg4-6%2812412%29%28UR%29.cpp">
      <Filter>源文件</Filter>
    </ClCompile>
    <ClCompile Include="ex4-1%281589%29%28WA%29.cpp">
      <Filter>源文件</Filter>
    </ClCompile>
    <ClCompile Include="ex4-2(201).cpp">
      <Filter>源文件</Filter>
    </ClCompile>
    <ClCompile Include="ex4-3%28220%29%28WA%29.cpp">
      <Filter>源文件</Filter>
    </ClCompile>
    <ClCompile Include="ex4-4(253).cpp">
      <Filter>源文件</Filter>
    </ClCompile>
    <ClCompile Include="ex4-5(1590).cpp">
      <Filter>源文件</Filter>
    </ClCompile>
    <ClCompile Include="ex4-6%28508%29%28WA%29.cpp">
      <Filter>源文件</Filter>
    </ClCompile>
    <ClCompile Include="ex4-7%28509%29%28WA%29.cpp">
      <Filter>源文件</Filter>
    </ClCompile>
    <ClCompile Include="ex4-8%2812108%29%28UR%29.cpp">
      <Filter>源文件</Filter>
    </ClCompile>
    <ClCompile Include="ex4-9(1591)(UR).cpp">
      <Filter>源文件</Filter>
    </ClCompile>
    <ClCompile Include="ex4-10%28815%29%28UR%29.cpp">
      <Filter>源文件</Filter>
    </ClCompile>
    <ClCompile Include="eg5-1(10474).cpp">
      <Filter>源文件</Filter>
    </ClCompile>
    <ClCompile Include="eg5-2(101).cpp">
      <Filter>源文件</Filter>
    </ClCompile>
    <ClCompile Include="eg5-3(10815).cpp">
      <Filter>源文件</Filter>
    </ClCompile>
    <ClCompile Include="eg5-4(156).cpp">
      <Filter>源文件</Filter>
    </ClCompile>
    <ClCompile Include="eg5-5(12096).cpp">
      <Filter>源文件</Filter>
    </ClCompile>
    <ClCompile Include="eg5-6(540).cpp">
      <Filter>源文件</Filter>
    </ClCompile>
    <ClCompile Include="eg5-7(136).cpp">
      <Filter>源文件</Filter>
    </ClCompile>
    <ClCompile Include="eg5-8(400).cpp">
      <Filter>源文件</Filter>
    </ClCompile>
    <ClCompile Include="eg5-9%281592%29%28UR%29.cpp">
      <Filter>源文件</Filter>
    </ClCompile>
    <ClCompile Include="eg5-10%28207%29%28UR%29.cpp">
      <Filter>源文件</Filter>
    </ClCompile>
    <ClCompile Include="eg5-11(814).cpp">
      <Filter>源文件</Filter>
    </ClCompile>
    <ClCompile Include="eg5-12(221).cpp">
      <Filter>源文件</Filter>
    </ClCompile>
    <ClCompile Include="ex5-1(1593).cpp">
      <Filter>源文件</Filter>
    </ClCompile>
    <ClCompile Include="ex5-2(1594).cpp">
      <Filter>源文件</Filter>
    </ClCompile>
    <ClCompile Include="ex5-3(10935).cpp">
      <Filter>源文件</Filter>
    </ClCompile>
    <ClCompile Include="ex5-4%2810763%29%28WA%29.cpp">
      <Filter>源文件</Filter>
    </ClCompile>
    <ClCompile Include="ex5-5(10391).cpp">
      <Filter>源文件</Filter>
    </ClCompile>
    <ClCompile Include="test.cpp">
      <Filter>源文件</Filter>
    </ClCompile>
    <ClCompile Include="ex5-7(12100).cpp">
      <Filter>源文件</Filter>
    </ClCompile>
    <ClCompile Include="ex5-6%281595%29%28WA%29.cpp">
      <Filter>源文件</Filter>
    </ClCompile>
    <ClCompile Include="ex5-8%28230%29%28UR%29.cpp">
      <Filter>源文件</Filter>
    </ClCompile>
    <ClCompile Include="ex5-9(1596).cpp">
      <Filter>源文件</Filter>
    </ClCompile>
    <ClCompile Include="ex5-10%281597%29%28TLE%29.cpp">
      <Filter>源文件</Filter>
    </ClCompile>
    <ClCompile Include="ex5-11(12504).cpp">
      <Filter>源文件</Filter>
    </ClCompile>
    <ClCompile Include="ex5-12(511).cpp">
      <Filter>源文件</Filter>
    </ClCompile>
    <ClCompile Include="ex5-13%28822%29%28UR%29.cpp">
      <Filter>源文件</Filter>
    </ClCompile>
    <ClCompile Include="ex5-14%281598%29%28TLE%29.cpp">
      <Filter>源文件</Filter>
    </ClCompile>
    <ClCompile Include="ex5-15%2812333%29%28TLE%29.cpp">
      <Filter>源文件</Filter>
    </ClCompile>
    <ClCompile Include="ex5-16%28212%29%28WA%29.cpp">
      <Filter>源文件</Filter>
    </ClCompile>
    <ClCompile Include="eg6-1(210)(UR).cpp">
      <Filter>源文件</Filter>
    </ClCompile>
    <ClCompile Include="eg6-2(514).cpp">
      <Filter>源文件</Filter>
    </ClCompile>
    <ClCompile Include="eg6-3(442).cpp">
      <Filter>源文件</Filter>
    </ClCompile>
    <ClCompile Include="eg6-4(11988).cpp">
      <Filter>源文件</Filter>
    </ClCompile>
    <ClCompile Include="eg6-5(12657).cpp">
      <Filter>源文件</Filter>
    </ClCompile>
    <ClCompile Include="eg6-6(679).cpp">
      <Filter>源文件</Filter>
    </ClCompile>
    <ClCompile Include="eg6-7(122).cpp">
      <Filter>源文件</Filter>
    </ClCompile>
    <ClCompile Include="eg6-8(548).cpp">
      <Filter>源文件</Filter>
    </ClCompile>
    <ClCompile Include="eg6-9(839).cpp">
      <Filter>源文件</Filter>
    </ClCompile>
    <ClCompile Include="eg6-10(699).cpp">
      <Filter>源文件</Filter>
    </ClCompile>
    <ClCompile Include="eg6-11(297).cpp">
      <Filter>源文件</Filter>
    </ClCompile>
    <ClCompile Include="eg6-12(572).cpp">
      <Filter>源文件</Filter>
    </ClCompile>
    <ClCompile Include="eg6-13%281103%29%28RE%29.cpp">
      <Filter>源文件</Filter>
    </ClCompile>
    <ClCompile Include="eg6-4(816).cpp">
      <Filter>源文件</Filter>
    </ClCompile>
    <ClCompile Include="eg6-14%28816%29%28UR%29.cpp">
      <Filter>源文件</Filter>
    </ClCompile>
    <ClCompile Include="eg6-15%2810305%29%28WA%29.cpp">
      <Filter>源文件</Filter>
    </ClCompile>
    <ClCompile Include="eg6-16%2810129%29%28WA%29.cpp">
      <Filter>源文件</Filter>
    </ClCompile>
    <ClCompile Include="eg6-17(10562).cpp">
      <Filter>源文件</Filter>
    </ClCompile>
    <ClCompile Include="eg6-18%2812171%29%28WA%29.cpp">
      <Filter>源文件</Filter>
    </ClCompile>
    <ClCompile Include="eg6-19(1572).cpp">
      <Filter>源文件</Filter>
    </ClCompile>
    <ClCompile Include="eg6-20(1599)(UR).cpp">
      <Filter>源文件</Filter>
    </ClCompile>
    <ClCompile Include="eg6-21%28506%29%28UR%29.cpp">
      <Filter>源文件</Filter>
    </ClCompile>
    <ClCompile Include="eg6-22%2811853%29%28WA%29.cpp">
      <Filter>源文件</Filter>
    </ClCompile>
    <ClCompile Include="ex6-1(673).cpp">
      <Filter>源文件</Filter>
    </ClCompile>
    <ClCompile Include="ex6-2(712).cpp">
      <Filter>源文件</Filter>
    </ClCompile>
    <ClCompile Include="ex6-3%28536%29%28RE%29.cpp">
      <Filter>源文件</Filter>
    </ClCompile>
    <ClCompile Include="ex6-4%28439%29.cpp">
      <Filter>源文件</Filter>
    </ClCompile>
    <ClCompile Include="ex6-5%281600%29%28TLE%29.cpp">
      <Filter>源文件</Filter>
    </ClCompile>
    <ClCompile Include="ex6-6%2812166%29%28UR%29.cpp">
      <Filter>源文件</Filter>
    </ClCompile>
    <ClCompile Include="ex6-7%28804%29%28UR%29.cpp">
      <Filter>源文件</Filter>
    </ClCompile>
    <ClCompile Include="ex6-8%28806%29%28WA%29.cpp">
      <Filter>源文件</Filter>
    </ClCompile>
    <ClCompile Include="ex6-9%28127%29%28WA%29.cpp">
      <Filter>源文件</Filter>
    </ClCompile>
    <ClCompile Include="ex6-10%28246%29%28WA%29.cpp">
      <Filter>源文件</Filter>
    </ClCompile>
    <ClCompile Include="ex6-11%2810410%29%28WA%29.cpp">
      <Filter>源文件</Filter>
    </ClCompile>
    <ClCompile Include="ex6-12%28810%29%28WA%29.cpp">
      <Filter>源文件</Filter>
    </ClCompile>
    <ClCompile Include="ex6-13%28215%29%28RE%29.cpp">
      <Filter>源文件</Filter>
    </ClCompile>
    <ClCompile Include="ex6-14(12118)(UR).cpp">
      <Filter>源文件</Filter>
    </ClCompile>
    <ClCompile Include="eg7-1(725).cpp">
      <Filter>源文件</Filter>
    </ClCompile>
    <ClCompile Include="eg7-2%2811059%29%28WA%29.cpp">
      <Filter>源文件</Filter>
    </ClCompile>
    <ClCompile Include="eg7-3%2810976%29%28WA%29.cpp">
      <Filter>源文件</Filter>
    </ClCompile>
  </ItemGroup>
</Project>